// !$*UTF8*$!
{
	archiveVersion = 1;
	classes = {
	};
	objectVersion = 50;
	objects = {

/* Begin PBXBuildFile section */
		CED1683F22DE2D5B0098A0DC /* AppDelegate.swift in Sources */ = {isa = PBXBuildFile; fileRef = CED1683E22DE2D5B0098A0DC /* AppDelegate.swift */; };
		CED1684422DE2D5B0098A0DC /* Main.storyboard in Resources */ = {isa = PBXBuildFile; fileRef = CED1684222DE2D5B0098A0DC /* Main.storyboard */; };
		CED1684622DE2D5C0098A0DC /* Assets.xcassets in Resources */ = {isa = PBXBuildFile; fileRef = CED1684522DE2D5C0098A0DC /* Assets.xcassets */; };
		CED1684922DE2D5C0098A0DC /* LaunchScreen.storyboard in Resources */ = {isa = PBXBuildFile; fileRef = CED1684722DE2D5C0098A0DC /* LaunchScreen.storyboard */; };
		EDA5269125B34E870089416D /* EditFriendViewController.swift in Sources */ = {isa = PBXBuildFile; fileRef = EDA5269025B34E870089416D /* EditFriendViewController.swift */; };
		EDC68DE925B0E44B0040794C /* FriendsTableViewController.swift in Sources */ = {isa = PBXBuildFile; fileRef = EDC68DE825B0E44B0040794C /* FriendsTableViewController.swift */; };
		EDC68DEC25B0E4AD0040794C /* AddFriendViewController.swift in Sources */ = {isa = PBXBuildFile; fileRef = EDC68DEB25B0E4AD0040794C /* AddFriendViewController.swift */; };
		EDC68DF025B0E4D10040794C /* FriendDetailViewController.swift in Sources */ = {isa = PBXBuildFile; fileRef = EDC68DEF25B0E4D10040794C /* FriendDetailViewController.swift */; };
		EDC68DF525B0E5710040794C /* FriendTableViewCell.swift in Sources */ = {isa = PBXBuildFile; fileRef = EDC68DF425B0E5710040794C /* FriendTableViewCell.swift */; };
		EDC68DFA25B0EED70040794C /* Friend.swift in Sources */ = {isa = PBXBuildFile; fileRef = EDC68DF925B0EED70040794C /* Friend.swift */; };
/* End PBXBuildFile section */

/* Begin PBXFileReference section */
		CED1683B22DE2D5B0098A0DC /* HobbyTracker.app */ = {isa = PBXFileReference; explicitFileType = wrapper.application; includeInIndex = 0; path = HobbyTracker.app; sourceTree = BUILT_PRODUCTS_DIR; };
		CED1683E22DE2D5B0098A0DC /* AppDelegate.swift */ = {isa = PBXFileReference; lastKnownFileType = sourcecode.swift; path = AppDelegate.swift; sourceTree = "<group>"; };
		CED1684322DE2D5B0098A0DC /* Base */ = {isa = PBXFileReference; lastKnownFileType = file.storyboard; name = Base; path = Base.lproj/Main.storyboard; sourceTree = "<group>"; };
		CED1684522DE2D5C0098A0DC /* Assets.xcassets */ = {isa = PBXFileReference; lastKnownFileType = folder.assetcatalog; path = Assets.xcassets; sourceTree = "<group>"; };
		CED1684822DE2D5C0098A0DC /* Base */ = {isa = PBXFileReference; lastKnownFileType = file.storyboard; name = Base; path = Base.lproj/LaunchScreen.storyboard; sourceTree = "<group>"; };
		CED1684A22DE2D5C0098A0DC /* Info.plist */ = {isa = PBXFileReference; lastKnownFileType = text.plist.xml; path = Info.plist; sourceTree = "<group>"; };
		EDA5269025B34E870089416D /* EditFriendViewController.swift */ = {isa = PBXFileReference; lastKnownFileType = sourcecode.swift; path = EditFriendViewController.swift; sourceTree = "<group>"; };
		EDC68DE825B0E44B0040794C /* FriendsTableViewController.swift */ = {isa = PBXFileReference; lastKnownFileType = sourcecode.swift; path = FriendsTableViewController.swift; sourceTree = "<group>"; };
		EDC68DEB25B0E4AD0040794C /* AddFriendViewController.swift */ = {isa = PBXFileReference; lastKnownFileType = sourcecode.swift; path = AddFriendViewController.swift; sourceTree = "<group>"; };
		EDC68DEF25B0E4D10040794C /* FriendDetailViewController.swift */ = {isa = PBXFileReference; lastKnownFileType = sourcecode.swift; path = FriendDetailViewController.swift; sourceTree = "<group>"; };
		EDC68DF425B0E5710040794C /* FriendTableViewCell.swift */ = {isa = PBXFileReference; lastKnownFileType = sourcecode.swift; path = FriendTableViewCell.swift; sourceTree = "<group>"; };
		EDC68DF925B0EED70040794C /* Friend.swift */ = {isa = PBXFileReference; lastKnownFileType = sourcecode.swift; path = Friend.swift; sourceTree = "<group>"; };
/* End PBXFileReference section */

/* Begin PBXFrameworksBuildPhase section */
		CED1683822DE2D5B0098A0DC /* Frameworks */ = {
			isa = PBXFrameworksBuildPhase;
			buildActionMask = 2147483647;
			files = (
			);
			runOnlyForDeploymentPostprocessing = 0;
		};
/* End PBXFrameworksBuildPhase section */

/* Begin PBXGroup section */
		CED1683222DE2D5B0098A0DC = {
			isa = PBXGroup;
			children = (
				CED1683D22DE2D5B0098A0DC /* HobbyTracker */,
				CED1683C22DE2D5B0098A0DC /* Products */,
			);
			sourceTree = "<group>";
		};
		CED1683C22DE2D5B0098A0DC /* Products */ = {
			isa = PBXGroup;
			children = (
				CED1683B22DE2D5B0098A0DC /* HobbyTracker.app */,
			);
			name = Products;
			sourceTree = "<group>";
		};
		CED1683D22DE2D5B0098A0DC /* HobbyTracker */ = {
			isa = PBXGroup;
			children = (
				EDC68DF225B0E4E50040794C /* View Controllers */,
				CED1683E22DE2D5B0098A0DC /* AppDelegate.swift */,
				CED1684222DE2D5B0098A0DC /* Main.storyboard */,
				EDC68DFC25B0EEE50040794C /* Model */,
				EDC68DF725B0E58F0040794C /* Views */,
				CED1684522DE2D5C0098A0DC /* Assets.xcassets */,
				CED1684722DE2D5C0098A0DC /* LaunchScreen.storyboard */,
				CED1684A22DE2D5C0098A0DC /* Info.plist */,
			);
			path = HobbyTracker;
			sourceTree = "<group>";
		};
		EDC68DF225B0E4E50040794C /* View Controllers */ = {
			isa = PBXGroup;
			children = (
				EDC68DE825B0E44B0040794C /* FriendsTableViewController.swift */,
				EDC68DEB25B0E4AD0040794C /* AddFriendViewController.swift */,
				EDC68DEF25B0E4D10040794C /* FriendDetailViewController.swift */,
				EDA5269025B34E870089416D /* EditFriendViewController.swift */,
			);
			path = "View Controllers";
			sourceTree = "<group>";
		};
		EDC68DF725B0E58F0040794C /* Views */ = {
			isa = PBXGroup;
			children = (
				EDC68DF425B0E5710040794C /* FriendTableViewCell.swift */,
			);
			path = Views;
			sourceTree = "<group>";
		};
		EDC68DFC25B0EEE50040794C /* Model */ = {
			isa = PBXGroup;
			children = (
				EDC68DF925B0EED70040794C /* Friend.swift */,
			);
			path = Model;
			sourceTree = "<group>";
		};
/* End PBXGroup section */

/* Begin PBXNativeTarget section */
		CED1683A22DE2D5B0098A0DC /* HobbyTracker */ = {
			isa = PBXNativeTarget;
			buildConfigurationList = CED1684D22DE2D5C0098A0DC /* Build configuration list for PBXNativeTarget "HobbyTracker" */;
			buildPhases = (
				CED1683722DE2D5B0098A0DC /* Sources */,
				CED1683822DE2D5B0098A0DC /* Frameworks */,
				CED1683922DE2D5B0098A0DC /* Resources */,
			);
			buildRules = (
			);
			dependencies = (
			);
			name = HobbyTracker;
			productName = HobbyTracker;
			productReference = CED1683B22DE2D5B0098A0DC /* HobbyTracker.app */;
			productType = "com.apple.product-type.application";
		};
/* End PBXNativeTarget section */

/* Begin PBXProject section */
		CED1683322DE2D5B0098A0DC /* Project object */ = {
			isa = PBXProject;
			attributes = {
				LastSwiftUpdateCheck = 1020;
				LastUpgradeCheck = 1230;
				ORGANIZATIONNAME = "Lambda School";
				TargetAttributes = {
					CED1683A22DE2D5B0098A0DC = {
						CreatedOnToolsVersion = 10.2.1;
					};
				};
			};
			buildConfigurationList = CED1683622DE2D5B0098A0DC /* Build configuration list for PBXProject "HobbyTracker" */;
			compatibilityVersion = "Xcode 9.3";
			developmentRegion = en;
			hasScannedForEncodings = 0;
			knownRegions = (
				en,
				Base,
			);
			mainGroup = CED1683222DE2D5B0098A0DC;
			productRefGroup = CED1683C22DE2D5B0098A0DC /* Products */;
			projectDirPath = "";
			projectRoot = "";
			targets = (
				CED1683A22DE2D5B0098A0DC /* HobbyTracker */,
			);
		};
/* End PBXProject section */

/* Begin PBXResourcesBuildPhase section */
		CED1683922DE2D5B0098A0DC /* Resources */ = {
			isa = PBXResourcesBuildPhase;
			buildActionMask = 2147483647;
			files = (
				CED1684922DE2D5C0098A0DC /* LaunchScreen.storyboard in Resources */,
				CED1684622DE2D5C0098A0DC /* Assets.xcassets in Resources */,
				CED1684422DE2D5B0098A0DC /* Main.storyboard in Resources */,
			);
			runOnlyForDeploymentPostprocessing = 0;
		};
/* End PBXResourcesBuildPhase section */

/* Begin PBXSourcesBuildPhase section */
		CED1683722DE2D5B0098A0DC /* Sources */ = {
			isa = PBXSourcesBuildPhase;
			buildActionMask = 2147483647;
			files = (
				EDC68DEC25B0E4AD0040794C /* AddFriendViewController.swift in Sources */,
				EDC68DE925B0E44B0040794C /* FriendsTableViewController.swift in Sources */,
				EDC68DF525B0E5710040794C /* FriendTableViewCell.swift in Sources */,
				EDC68DFA25B0EED70040794C /* Friend.swift in Sources */,
				CED1683F22DE2D5B0098A0DC /* AppDelegate.swift in Sources */,
				EDA5269125B34E870089416D /* EditFriendViewController.swift in Sources */,
				EDC68DF025B0E4D10040794C /* FriendDetailViewController.swift in Sources */,
			);
			runOnlyForDeploymentPostprocessing = 0;
		};
/* End PBXSourcesBuildPhase section */

/* Begin PBXVariantGroup section */
		CED1684222DE2D5B0098A0DC /* Main.storyboard */ = {
			isa = PBXVariantGroup;
			children = (
				CED1684322DE2D5B0098A0DC /* Base */,
			);
			name = Main.storyboard;
			sourceTree = "<group>";
		};
		CED1684722DE2D5C0098A0DC /* LaunchScreen.storyboard */ = {
			isa = PBXVariantGroup;
			children = (
				CED1684822DE2D5C0098A0DC /* Base */,
			);
			name = LaunchScreen.storyboard;
			sourceTree = "<group>";
		};
/* End PBXVariantGroup section */

/* Begin XCBuildConfiguration section */
		CED1684B22DE2D5C0098A0DC /* Debug */ = {
			isa = XCBuildConfiguration;
			buildSettings = {
				ALWAYS_SEARCH_USER_PATHS = NO;
				CLANG_ANALYZER_NONNULL = YES;
				CLANG_ANALYZER_NUMBER_OBJECT_CONVERSION = YES_AGGRESSIVE;
				CLANG_CXX_LANGUAGE_STANDARD = "gnu++14";
				CLANG_CXX_LIBRARY = "libc++";
				CLANG_ENABLE_MODULES = YES;
				CLANG_ENABLE_OBJC_ARC = YES;
				CLANG_ENABLE_OBJC_WEAK = YES;
				CLANG_WARN_BLOCK_CAPTURE_AUTORELEASING = YES;
				CLANG_WARN_BOOL_CONVERSION = YES;
				CLANG_WARN_COMMA = YES;
				CLANG_WARN_CONSTANT_CONVERSION = YES;
				CLANG_WARN_DEPRECATED_OBJC_IMPLEMENTATIONS = YES;
				CLANG_WARN_DIRECT_OBJC_ISA_USAGE = YES_ERROR;
				CLANG_WARN_DOCUMENTATION_COMMENTS = YES;
				CLANG_WARN_EMPTY_BODY = YES;
				CLANG_WARN_ENUM_CONVERSION = YES;
				CLANG_WARN_INFINITE_RECURSION = YES;
				CLANG_WARN_INT_CONVERSION = YES;
				CLANG_WARN_NON_LITERAL_NULL_CONVERSION = YES;
				CLANG_WARN_OBJC_IMPLICIT_RETAIN_SELF = YES;
				CLANG_WARN_OBJC_LITERAL_CONVERSION = YES;
				CLANG_WARN_OBJC_ROOT_CLASS = YES_ERROR;
				CLANG_WARN_QUOTED_INCLUDE_IN_FRAMEWORK_HEADER = YES;
				CLANG_WARN_RANGE_LOOP_ANALYSIS = YES;
				CLANG_WARN_STRICT_PROTOTYPES = YES;
				CLANG_WARN_SUSPICIOUS_MOVE = YES;
				CLANG_WARN_UNGUARDED_AVAILABILITY = YES_AGGRESSIVE;
				CLANG_WARN_UNREACHABLE_CODE = YES;
				CLANG_WARN__DUPLICATE_METHOD_MATCH = YES;
				CODE_SIGN_IDENTITY = "iPhone Developer";
				COPY_PHASE_STRIP = NO;
				DEBUG_INFORMATION_FORMAT = dwarf;
				ENABLE_STRICT_OBJC_MSGSEND = YES;
				ENABLE_TESTABILITY = YES;
				GCC_C_LANGUAGE_STANDARD = gnu11;
				GCC_DYNAMIC_NO_PIC = NO;
				GCC_NO_COMMON_BLOCKS = YES;
				GCC_OPTIMIZATION_LEVEL = 0;
				GCC_PREPROCESSOR_DEFINITIONS = (
					"DEBUG=1",
					"$(inherited)",
				);
				GCC_WARN_64_TO_32_BIT_CONVERSION = YES;
				GCC_WARN_ABOUT_RETURN_TYPE = YES_ERROR;
				GCC_WARN_UNDECLARED_SELECTOR = YES;
				GCC_WARN_UNINITIALIZED_AUTOS = YES_AGGRESSIVE;
				GCC_WARN_UNUSED_FUNCTION = YES;
				GCC_WARN_UNUSED_VARIABLE = YES;
				IPHONEOS_DEPLOYMENT_TARGET = 12.2;
				MTL_ENABLE_DEBUG_INFO = INCLUDE_SOURCE;
				MTL_FAST_MATH = YES;
				ONLY_ACTIVE_ARCH = YES;
				SDKROOT = iphoneos;
				SWIFT_ACTIVE_COMPILATION_CONDITIONS = DEBUG;
				SWIFT_OPTIMIZATION_LEVEL = "-Onone";
			};
			name = Debug;
		};
		CED1684C22DE2D5C0098A0DC /* Release */ = {
			isa = XCBuildConfiguration;
			buildSettings = {
				ALWAYS_SEARCH_USER_PATHS = NO;
				CLANG_ANALYZER_NONNULL = YES;
				CLANG_ANALYZER_NUMBER_OBJECT_CONVERSION = YES_AGGRESSIVE;
				CLANG_CXX_LANGUAGE_STANDARD = "gnu++14";
				CLANG_CXX_LIBRARY = "libc++";
				CLANG_ENABLE_MODULES = YES;
				CLANG_ENABLE_OBJC_ARC = YES;
				CLANG_ENABLE_OBJC_WEAK = YES;
				CLANG_WARN_BLOCK_CAPTURE_AUTORELEASING = YES;
				CLANG_WARN_BOOL_CONVERSION = YES;
				CLANG_WARN_COMMA = YES;
				CLANG_WARN_CONSTANT_CONVERSION = YES;
				CLANG_WARN_DEPRECATED_OBJC_IMPLEMENTATIONS = YES;
				CLANG_WARN_DIRECT_OBJC_ISA_USAGE = YES_ERROR;
				CLANG_WARN_DOCUMENTATION_COMMENTS = YES;
				CLANG_WARN_EMPTY_BODY = YES;
				CLANG_WARN_ENUM_CONVERSION = YES;
				CLANG_WARN_INFINITE_RECURSION = YES;
				CLANG_WARN_INT_CONVERSION = YES;
				CLANG_WARN_NON_LITERAL_NULL_CONVERSION = YES;
				CLANG_WARN_OBJC_IMPLICIT_RETAIN_SELF = YES;
				CLANG_WARN_OBJC_LITERAL_CONVERSION = YES;
				CLANG_WARN_OBJC_ROOT_CLASS = YES_ERROR;
				CLANG_WARN_QUOTED_INCLUDE_IN_FRAMEWORK_HEADER = YES;
				CLANG_WARN_RANGE_LOOP_ANALYSIS = YES;
				CLANG_WARN_STRICT_PROTOTYPES = YES;
				CLANG_WARN_SUSPICIOUS_MOVE = YES;
				CLANG_WARN_UNGUARDED_AVAILABILITY = YES_AGGRESSIVE;
				CLANG_WARN_UNREACHABLE_CODE = YES;
				CLANG_WARN__DUPLICATE_METHOD_MATCH = YES;
				CODE_SIGN_IDENTITY = "iPhone Developer";
				COPY_PHASE_STRIP = NO;
				DEBUG_INFORMATION_FORMAT = "dwarf-with-dsym";
				ENABLE_NS_ASSERTIONS = NO;
				ENABLE_STRICT_OBJC_MSGSEND = YES;
				GCC_C_LANGUAGE_STANDARD = gnu11;
				GCC_NO_COMMON_BLOCKS = YES;
				GCC_WARN_64_TO_32_BIT_CONVERSION = YES;
				GCC_WARN_ABOUT_RETURN_TYPE = YES_ERROR;
				GCC_WARN_UNDECLARED_SELECTOR = YES;
				GCC_WARN_UNINITIALIZED_AUTOS = YES_AGGRESSIVE;
				GCC_WARN_UNUSED_FUNCTION = YES;
				GCC_WARN_UNUSED_VARIABLE = YES;
				IPHONEOS_DEPLOYMENT_TARGET = 12.2;
				MTL_ENABLE_DEBUG_INFO = NO;
				MTL_FAST_MATH = YES;
				SDKROOT = iphoneos;
				SWIFT_COMPILATION_MODE = wholemodule;
				SWIFT_OPTIMIZATION_LEVEL = "-O";
				VALIDATE_PRODUCT = YES;
			};
			name = Release;
		};
		CED1684E22DE2D5C0098A0DC /* Debug */ = {
			isa = XCBuildConfiguration;
			buildSettings = {
				ASSETCATALOG_COMPILER_APPICON_NAME = AppIcon;
				CODE_SIGN_STYLE = Automatic;
				DEVELOPMENT_TEAM = H8Q2JQ9WN3;
				INFOPLIST_FILE = HobbyTracker/Info.plist;
				LD_RUNPATH_SEARCH_PATHS = (
					"$(inherited)",
					"@executable_path/Frameworks",
				);
				PRODUCT_BUNDLE_IDENTIFIER = com.lambdaschool.HobbyTracker;
				PRODUCT_NAME = "$(TARGET_NAME)";
				SWIFT_VERSION = 5.0;
				TARGETED_DEVICE_FAMILY = "1,2";
			};
			name = Debug;
		};
		CED1684F22DE2D5C0098A0DC /* Release */ = {
			isa = XCBuildConfiguration;
			buildSettings = {
				ASSETCATALOG_COMPILER_APPICON_NAME = AppIcon;
				CODE_SIGN_STYLE = Automatic;
				DEVELOPMENT_TEAM = H8Q2JQ9WN3;
				INFOPLIST_FILE = HobbyTracker/Info.plist;
				LD_RUNPATH_SEARCH_PATHS = (
					"$(inherited)",
					"@executable_path/Frameworks",
				);
				PRODUCT_BUNDLE_IDENTIFIER = com.lambdaschool.HobbyTracker;
				PRODUCT_NAME = "$(TARGET_NAME)";
				SWIFT_VERSION = 5.0;
				TARGETED_DEVICE_FAMILY = "1,2";
			};
			name = Release;
		};
/* End XCBuildConfiguration section */

/* Begin XCConfigurationList section */
		CED1683622DE2D5B0098A0DC /* Build configuration list for PBXProject "HobbyTracker" */ = {
			isa = XCConfigurationList;
			buildConfigurations = (
				CED1684B22DE2D5C0098A0DC /* Debug */,
				CED1684C22DE2D5C0098A0DC /* Release */,
			);
			defaultConfigurationIsVisible = 0;
			defaultConfigurationName = Release;
		};
		CED1684D22DE2D5C0098A0DC /* Build configuration list for PBXNativeTarget "HobbyTracker" */ = {
			isa = XCConfigurationList;
			buildConfigurations = (
				CED1684E22DE2D5C0098A0DC /* Debug */,
				CED1684F22DE2D5C0098A0DC /* Release */,
			);
			defaultConfigurationIsVisible = 0;
			defaultConfigurationName = Release;
		};
/* End XCConfigurationList section */
	};
	rootObject = CED1683322DE2D5B0098A0DC /* Project object */;
}
